// !$*UTF8*$!
{
	archiveVersion = 1;
	classes = {
	};
	objectVersion = 77;
	objects = {

/* Begin PBXBuildFile section */
		47771088DA061C72F6D92F3D /* WebViewContainer.swift in Sources */ = {isa = PBXBuildFile; fileRef = 6F959EF965191DD850394EBE /* WebViewContainer.swift */; };
		63FBAA8D69A8977981D14473 /* ServerConfig.swift in Sources */ = {isa = PBXBuildFile; fileRef = EBECE119D02766244D9172EB /* ServerConfig.swift */; };
		8B5F12C17F719160A17E7CBA /* SettingsSheet.swift in Sources */ = {isa = PBXBuildFile; fileRef = 7BC7BF5F31A302B22ACF65C4 /* SettingsSheet.swift */; };
		8E2FFF5B00128DAD7CF33D00 /* ContentView.swift in Sources */ = {isa = PBXBuildFile; fileRef = 73C5763E627E1BC355A28055 /* ContentView.swift */; };
		BDAA887E605DB39CBA84E20F /* Assets.xcassets in Resources */ = {isa = PBXBuildFile; fileRef = 1AFD02AAF9A667DAACE52354 /* Assets.xcassets */; };
		C3B784E8A0B875683A79A271 /* LaunchScreen.storyboard in Resources */ = {isa = PBXBuildFile; fileRef = AD342A614410673D75C09919 /* LaunchScreen.storyboard */; };
		F38600852C3BA7089B9B17BF /* TARSApp.swift in Sources */ = {isa = PBXBuildFile; fileRef = 4ABCE953763BDCC0BD112D5E /* TARSApp.swift */; };
/* End PBXBuildFile section */

/* Begin PBXFileReference section */
		1ACACC1E76478D326BCB4C1B /* TARS.app */ = {isa = PBXFileReference; includeInIndex = 0; lastKnownFileType = wrapper.application; path = TARS.app; sourceTree = BUILT_PRODUCTS_DIR; };
		1AFD02AAF9A667DAACE52354 /* Assets.xcassets */ = {isa = PBXFileReference; lastKnownFileType = folder.assetcatalog; path = Assets.xcassets; sourceTree = "<group>"; };
		4ABCE953763BDCC0BD112D5E /* TARSApp.swift */ = {isa = PBXFileReference; lastKnownFileType = sourcecode.swift; path = TARSApp.swift; sourceTree = "<group>"; };
		5222B778D953E33FE8D7273F /* Info.plist */ = {isa = PBXFileReference; lastKnownFileType = text.plist; path = Info.plist; sourceTree = "<group>"; };
		6F959EF965191DD850394EBE /* WebViewContainer.swift */ = {isa = PBXFileReference; lastKnownFileType = sourcecode.swift; path = WebViewContainer.swift; sourceTree = "<group>"; };
		73C5763E627E1BC355A28055 /* ContentView.swift */ = {isa = PBXFileReference; lastKnownFileType = sourcecode.swift; path = ContentView.swift; sourceTree = "<group>"; };
		7BC7BF5F31A302B22ACF65C4 /* SettingsSheet.swift */ = {isa = PBXFileReference; lastKnownFileType = sourcecode.swift; path = SettingsSheet.swift; sourceTree = "<group>"; };
		AD342A614410673D75C09919 /* LaunchScreen.storyboard */ = {isa = PBXFileReference; lastKnownFileType = file.storyboard; path = LaunchScreen.storyboard; sourceTree = "<group>"; };
		EBECE119D02766244D9172EB /* ServerConfig.swift */ = {isa = PBXFileReference; lastKnownFileType = sourcecode.swift; path = ServerConfig.swift; sourceTree = "<group>"; };
/* End PBXFileReference section */

/* Begin PBXGroup section */
		0108C5CD09AAB66897B770C5 /* Products */ = {
			isa = PBXGroup;
			children = (
				1ACACC1E76478D326BCB4C1B /* TARS.app */,
			);
			name = Products;
			sourceTree = "<group>";
		};
		1687D4DCE8A3CCF222ECE731 /* TARS */ = {
			isa = PBXGroup;
			children = (
				D60BD170529B46D00BA4CFF8 /* App */,
				7C16D968672F8D4A98C246EF /* Models */,
				24E0738F0720FF4204DB70E6 /* Resources */,
				99BCB5F158AD8FBB471ECA3A /* Views */,
			);
			path = TARS;
			sourceTree = "<group>";
		};
		24E0738F0720FF4204DB70E6 /* Resources */ = {
			isa = PBXGroup;
			children = (
				1AFD02AAF9A667DAACE52354 /* Assets.xcassets */,
				5222B778D953E33FE8D7273F /* Info.plist */,
				AD342A614410673D75C09919 /* LaunchScreen.storyboard */,
			);
			path = Resources;
			sourceTree = "<group>";
		};
		7C16D968672F8D4A98C246EF /* Models */ = {
			isa = PBXGroup;
			children = (
				EBECE119D02766244D9172EB /* ServerConfig.swift */,
			);
			path = Models;
			sourceTree = "<group>";
		};
		99BCB5F158AD8FBB471ECA3A /* Views */ = {
			isa = PBXGroup;
			children = (
				73C5763E627E1BC355A28055 /* ContentView.swift */,
				7BC7BF5F31A302B22ACF65C4 /* SettingsSheet.swift */,
				6F959EF965191DD850394EBE /* WebViewContainer.swift */,
			);
			path = Views;
			sourceTree = "<group>";
		};
		D60BD170529B46D00BA4CFF8 /* App */ = {
			isa = PBXGroup;
			children = (
				4ABCE953763BDCC0BD112D5E /* TARSApp.swift */,
			);
			path = App;
			sourceTree = "<group>";
		};
		EBAAFE2141C197F44501E00A = {
			isa = PBXGroup;
			children = (
				1687D4DCE8A3CCF222ECE731 /* TARS */,
				0108C5CD09AAB66897B770C5 /* Products */,
			);
			sourceTree = "<group>";
		};
/* End PBXGroup section */

/* Begin PBXNativeTarget section */
		50E0CDF3E1501CECAAB497E6 /* TARS */ = {
			isa = PBXNativeTarget;
			buildConfigurationList = 0C441F148F76A8CA4D8E54A0 /* Build configuration list for PBXNativeTarget "TARS" */;
			buildPhases = (
				FA8CC3C9BDA91103881F96F8 /* Sources */,
				B240FF02354056A1CFF22FA3 /* Resources */,
			);
			buildRules = (
			);
			dependencies = (
			);
			name = TARS;
			packageProductDependencies = (
			);
			productName = TARS;
			productReference = 1ACACC1E76478D326BCB4C1B /* TARS.app */;
			productType = "com.apple.product-type.application";
		};
/* End PBXNativeTarget section */

/* Begin PBXProject section */
		46E987A61B35CFA1CAA18C6E /* Project object */ = {
			isa = PBXProject;
			attributes = {
				BuildIndependentTargetsInParallel = YES;
				LastUpgradeCheck = 1600;
				TargetAttributes = {
					50E0CDF3E1501CECAAB497E6 = {
						ProvisioningStyle = Automatic;
					};
				};
			};
			buildConfigurationList = BEC985308BDD6169D52D8D8A /* Build configuration list for PBXProject "TARS" */;
			developmentRegion = en;
			hasScannedForEncodings = 0;
			knownRegions = (
				Base,
				en,
			);
			mainGroup = EBAAFE2141C197F44501E00A;
			minimizedProjectReferenceProxies = 1;
			preferredProjectObjectVersion = 77;
			productRefGroup = 0108C5CD09AAB66897B770C5 /* Products */;
			projectDirPath = "";
			projectRoot = "";
			targets = (
				50E0CDF3E1501CECAAB497E6 /* TARS */,
			);
		};
/* End PBXProject section */

/* Begin PBXResourcesBuildPhase section */
		B240FF02354056A1CFF22FA3 /* Resources */ = {
			isa = PBXResourcesBuildPhase;
			buildActionMask = 2147483647;
			files = (
				BDAA887E605DB39CBA84E20F /* Assets.xcassets in Resources */,
				C3B784E8A0B875683A79A271 /* LaunchScreen.storyboard in Resources */,
			);
			runOnlyForDeploymentPostprocessing = 0;
		};
/* End PBXResourcesBuildPhase section */

/* Begin PBXSourcesBuildPhase section */
		FA8CC3C9BDA91103881F96F8 /* Sources */ = {
			isa = PBXSourcesBuildPhase;
			buildActionMask = 2147483647;
			files = (
				8E2FFF5B00128DAD7CF33D00 /* ContentView.swift in Sources */,
				63FBAA8D69A8977981D14473 /* ServerConfig.swift in Sources */,
				8B5F12C17F719160A17E7CBA /* SettingsSheet.swift in Sources */,
				F38600852C3BA7089B9B17BF /* TARSApp.swift in Sources */,
				47771088DA061C72F6D92F3D /* WebViewContainer.swift in Sources */,
			);
			runOnlyForDeploymentPostprocessing = 0;
		};
/* End PBXSourcesBuildPhase section */

/* Begin XCBuildConfiguration section */
		0490E31C113C1549A0374155 /* Debug */ = {
			isa = XCBuildConfiguration;
			buildSettings = {
				ALWAYS_SEARCH_USER_PATHS = NO;
				CLANG_ANALYZER_NONNULL = YES;
				CLANG_ANALYZER_NUMBER_OBJECT_CONVERSION = YES_AGGRESSIVE;
				CLANG_CXX_LANGUAGE_STANDARD = "gnu++14";
				CLANG_CXX_LIBRARY = "libc++";
				CLANG_ENABLE_MODULES = YES;
				CLANG_ENABLE_OBJC_ARC = YES;
				CLANG_ENABLE_OBJC_WEAK = YES;
				CLANG_WARN_BLOCK_CAPTURE_AUTORELEASING = YES;
				CLANG_WARN_BOOL_CONVERSION = YES;
				CLANG_WARN_COMMA = YES;
				CLANG_WARN_CONSTANT_CONVERSION = YES;
				CLANG_WARN_DEPRECATED_OBJC_IMPLEMENTATIONS = YES;
				CLANG_WARN_DIRECT_OBJC_ISA_USAGE = YES_ERROR;
				CLANG_WARN_DOCUMENTATION_COMMENTS = YES;
				CLANG_WARN_EMPTY_BODY = YES;
				CLANG_WARN_ENUM_CONVERSION = YES;
				CLANG_WARN_INFINITE_RECURSION = YES;
				CLANG_WARN_INT_CONVERSION = YES;
				CLANG_WARN_NON_LITERAL_NULL_CONVERSION = YES;
				CLANG_WARN_OBJC_IMPLICIT_RETAIN_SELF = YES;
				CLANG_WARN_OBJC_LITERAL_CONVERSION = YES;
				CLANG_WARN_OBJC_ROOT_CLASS = YES_ERROR;
				CLANG_WARN_QUOTED_INCLUDE_IN_FRAMEWORK_HEADER = YES;
				CLANG_WARN_RANGE_LOOP_ANALYSIS = YES;
				CLANG_WARN_STRICT_PROTOTYPES = YES;
				CLANG_WARN_SUSPICIOUS_MOVE = YES;
				CLANG_WARN_UNGUARDED_AVAILABILITY = YES_AGGRESSIVE;
				CLANG_WARN_UNREACHABLE_CODE = YES;
				CLANG_WARN__DUPLICATE_METHOD_MATCH = YES;
				COPY_PHASE_STRIP = NO;
				DEBUG_INFORMATION_FORMAT = dwarf;
				ENABLE_PREVIEWS = YES;
				ENABLE_STRICT_OBJC_MSGSEND = YES;
				ENABLE_TESTABILITY = YES;
				GCC_C_LANGUAGE_STANDARD = gnu11;
				GCC_DYNAMIC_NO_PIC = NO;
				GCC_NO_COMMON_BLOCKS = YES;
				GCC_OPTIMIZATION_LEVEL = 0;
				GCC_PREPROCESSOR_DEFINITIONS = (
					"$(inherited)",
					"DEBUG=1",
				);
				GCC_WARN_64_TO_32_BIT_CONVERSION = YES;
				GCC_WARN_ABOUT_RETURN_TYPE = YES_ERROR;
				GCC_WARN_UNDECLARED_SELECTOR = YES;
				GCC_WARN_UNINITIALIZED_AUTOS = YES_AGGRESSIVE;
				GCC_WARN_UNUSED_FUNCTION = YES;
				GCC_WARN_UNUSED_VARIABLE = YES;
				IPHONEOS_DEPLOYMENT_TARGET = 16.0;
				MTL_ENABLE_DEBUG_INFO = INCLUDE_SOURCE;
				MTL_FAST_MATH = YES;
				ONLY_ACTIVE_ARCH = YES;
				PRODUCT_NAME = TARS;
				SDKROOT = iphoneos;
				SWIFT_ACTIVE_COMPILATION_CONDITIONS = DEBUG;
				SWIFT_OPTIMIZATION_LEVEL = "-Onone";
				SWIFT_VERSION = 5.0;
			};
			name = Debug;
		};
		44367BABFCBFC83B5806FC3D /* Debug */ = {
			isa = XCBuildConfiguration;
			buildSettings = {
				ASSETCATALOG_COMPILER_APPICON_NAME = AppIcon;
				ASSETCATALOG_COMPILER_GLOBAL_ACCENT_COLOR_NAME = AccentColor;
				CODE_SIGN_IDENTITY = "iPhone Developer";
				CODE_SIGN_STYLE = Automatic;
				CURRENT_PROJECT_VERSION = 1;
				INFOPLIST_FILE = TARS/Resources/Info.plist;
				INFOPLIST_KEY_UILaunchStoryboardName = LaunchScreen;
				LD_RUNPATH_SEARCH_PATHS = (
					"$(inherited)",
					"@executable_path/Frameworks",
				);
				MARKETING_VERSION = 1.0.0;
				PRODUCT_BUNDLE_IDENTIFIER = com.orsen.tars;
				SDKROOT = iphoneos;
				TARGETED_DEVICE_FAMILY = "1,2";
			};
			name = Debug;
		};
		69CE464835474AAD5078D19F /* Release */ = {
			isa = XCBuildConfiguration;
			buildSettings = {
				ALWAYS_SEARCH_USER_PATHS = NO;
				CLANG_ANALYZER_NONNULL = YES;
				CLANG_ANALYZER_NUMBER_OBJECT_CONVERSION = YES_AGGRESSIVE;
				CLANG_CXX_LANGUAGE_STANDARD = "gnu++14";
				CLANG_CXX_LIBRARY = "libc++";
				CLANG_ENABLE_MODULES = YES;
				CLANG_ENABLE_OBJC_ARC = YES;
				CLANG_ENABLE_OBJC_WEAK = YES;
				CLANG_WARN_BLOCK_CAPTURE_AUTORELEASING = YES;
				CLANG_WARN_BOOL_CONVERSION = YES;
				CLANG_WARN_COMMA = YES;
				CLANG_WARN_CONSTANT_CONVERSION = YES;
				CLANG_WARN_DEPRECATED_OBJC_IMPLEMENTATIONS = YES;
				CLANG_WARN_DIRECT_OBJC_ISA_USAGE = YES_ERROR;
				CLANG_WARN_DOCUMENTATION_COMMENTS = YES;
				CLANG_WARN_EMPTY_BODY = YES;
				CLANG_WARN_ENUM_CONVERSION = YES;
				CLANG_WARN_INFINITE_RECURSION = YES;
				CLANG_WARN_INT_CONVERSION = YES;
				CLANG_WARN_NON_LITERAL_NULL_CONVERSION = YES;
				CLANG_WARN_OBJC_IMPLICIT_RETAIN_SELF = YES;
				CLANG_WARN_OBJC_LITERAL_CONVERSION = YES;
				CLANG_WARN_OBJC_ROOT_CLASS = YES_ERROR;
				CLANG_WARN_QUOTED_INCLUDE_IN_FRAMEWORK_HEADER = YES;
				CLANG_WARN_RANGE_LOOP_ANALYSIS = YES;
				CLANG_WARN_STRICT_PROTOTYPES = YES;
				CLANG_WARN_SUSPICIOUS_MOVE = YES;
				CLANG_WARN_UNGUARDED_AVAILABILITY = YES_AGGRESSIVE;
				CLANG_WARN_UNREACHABLE_CODE = YES;
				CLANG_WARN__DUPLICATE_METHOD_MATCH = YES;
				COPY_PHASE_STRIP = NO;
				DEBUG_INFORMATION_FORMAT = "dwarf-with-dsym";
				ENABLE_NS_ASSERTIONS = NO;
				ENABLE_PREVIEWS = YES;
				ENABLE_STRICT_OBJC_MSGSEND = YES;
				GCC_C_LANGUAGE_STANDARD = gnu11;
				GCC_NO_COMMON_BLOCKS = YES;
				GCC_WARN_64_TO_32_BIT_CONVERSION = YES;
				GCC_WARN_ABOUT_RETURN_TYPE = YES_ERROR;
				GCC_WARN_UNDECLARED_SELECTOR = YES;
				GCC_WARN_UNINITIALIZED_AUTOS = YES_AGGRESSIVE;
				GCC_WARN_UNUSED_FUNCTION = YES;
				GCC_WARN_UNUSED_VARIABLE = YES;
				IPHONEOS_DEPLOYMENT_TARGET = 16.0;
				MTL_ENABLE_DEBUG_INFO = NO;
				MTL_FAST_MATH = YES;
				PRODUCT_NAME = TARS;
				SDKROOT = iphoneos;
				SWIFT_COMPILATION_MODE = wholemodule;
				SWIFT_OPTIMIZATION_LEVEL = "-O";
				SWIFT_VERSION = 5.0;
			};
			name = Release;
		};
		C692BE762B21FEEDA3887607 /* Release */ = {
			isa = XCBuildConfiguration;
			buildSettings = {
				ASSETCATALOG_COMPILER_APPICON_NAME = AppIcon;
				ASSETCATALOG_COMPILER_GLOBAL_ACCENT_COLOR_NAME = AccentColor;
				CODE_SIGN_IDENTITY = "iPhone Developer";
				CODE_SIGN_STYLE = Automatic;
				CURRENT_PROJECT_VERSION = 1;
				INFOPLIST_FILE = TARS/Resources/Info.plist;
				INFOPLIST_KEY_UILaunchStoryboardName = LaunchScreen;
				LD_RUNPATH_SEARCH_PATHS = (
					"$(inherited)",
					"@executable_path/Frameworks",
				);
				MARKETING_VERSION = 1.0.0;
				PRODUCT_BUNDLE_IDENTIFIER = com.orsen.tars;
				SDKROOT = iphoneos;
				TARGETED_DEVICE_FAMILY = "1,2";
			};
			name = Release;
		};
/* End XCBuildConfiguration section */

/* Begin XCConfigurationList section */
		0C441F148F76A8CA4D8E54A0 /* Build configuration list for PBXNativeTarget "TARS" */ = {
			isa = XCConfigurationList;
			buildConfigurations = (
				44367BABFCBFC83B5806FC3D /* Debug */,
				C692BE762B21FEEDA3887607 /* Release */,
			);
			defaultConfigurationIsVisible = 0;
			defaultConfigurationName = Debug;
		};
		BEC985308BDD6169D52D8D8A /* Build configuration list for PBXProject "TARS" */ = {
			isa = XCConfigurationList;
			buildConfigurations = (
				0490E31C113C1549A0374155 /* Debug */,
				69CE464835474AAD5078D19F /* Release */,
			);
			defaultConfigurationIsVisible = 0;
			defaultConfigurationName = Debug;
		};
/* End XCConfigurationList section */
	};
	rootObject = 46E987A61B35CFA1CAA18C6E /* Project object */;
}
